
Microsoft Visual Studio Solution File, Format Version 12.00
# Visual Studio 15
VisualStudioVersion = 15.0.28307.168
MinimumVisualStudioVersion = 10.0.40219.1
Project("{9A19103F-16F7-4668-BE54-9A1E7A4F7556}") = "CustomBindingFunction", "CustomBindingFunction\CustomBindingFunction.csproj", "{290548E5-FA62-48B3-8087-F0BE99A77CC2}"
EndProject
Project("{9A19103F-16F7-4668-BE54-9A1E7A4F7556}") = "MyFirstCustomBindingLibrary", "MyFirstCustomBindingLibrary\MyFirstCustomBindingLibrary.csproj", "{B69AA4DA-FD97-4676-A3FF-4BA3806B7800}"
EndProject
Project("{2150E333-8FDC-42A3-9474-1A3956D46DE8}") = "Solution items", "Solution items", "{06A6D7E2-7C13-4E9E-8923-0B6416919059}"
	ProjectSection(SolutionItems) = preProject
		LICENSE = LICENSE
		README.md = README.md
	EndProjectSection
EndProject
Project("{9A19103F-16F7-4668-BE54-9A1E7A4F7556}") = "SqlServerBinding", "SqlServerBinding\SqlServerBinding.csproj", "{B470A7F2-FCFD-41D6-8067-15A603345801}"
EndProject
Global
	GlobalSection(SolutionConfigurationPlatforms) = preSolution
		Debug|Any CPU = Debug|Any CPU
		Release|Any CPU = Release|Any CPU
	EndGlobalSection
	GlobalSection(ProjectConfigurationPlatforms) = postSolution
		{290548E5-FA62-48B3-8087-F0BE99A77CC2}.Debug|Any CPU.ActiveCfg = Debug|Any CPU
		{290548E5-FA62-48B3-8087-F0BE99A77CC2}.Debug|Any CPU.Build.0 = Debug|Any CPU
		{290548E5-FA62-48B3-8087-F0BE99A77CC2}.Release|Any CPU.ActiveCfg = Release|Any CPU
		{290548E5-FA62-48B3-8087-F0BE99A77CC2}.Release|Any CPU.Build.0 = Release|Any CPU
		{B69AA4DA-FD97-4676-A3FF-4BA3806B7800}.Debug|Any CPU.ActiveCfg = Debug|Any CPU
		{B69AA4DA-FD97-4676-A3FF-4BA3806B7800}.Debug|Any CPU.Build.0 = Debug|Any CPU
		{B69AA4DA-FD97-4676-A3FF-4BA3806B7800}.Release|Any CPU.ActiveCfg = Release|Any CPU
		{B69AA4DA-FD97-4676-A3FF-4BA3806B7800}.Release|Any CPU.Build.0 = Release|Any CPU
		{B470A7F2-FCFD-41D6-8067-15A603345801}.Debug|Any CPU.ActiveCfg = Debug|Any CPU
		{B470A7F2-FCFD-41D6-8067-15A603345801}.Debug|Any CPU.Build.0 = Debug|Any CPU
		{B470A7F2-FCFD-41D6-8067-15A603345801}.Release|Any CPU.ActiveCfg = Release|Any CPU
		{B470A7F2-FCFD-41D6-8067-15A603345801}.Release|Any CPU.Build.0 = Release|Any CPU
	EndGlobalSection
	GlobalSection(SolutionProperties) = preSolution
		HideSolutionNode = FALSE
	EndGlobalSection
	GlobalSection(ExtensibilityGlobals) = postSolution
		SolutionGuid = {A06C7BB9-45A8-4C79-A97E-0B4924E74A89}
	EndGlobalSection
EndGlobal
